
Microsoft Visual Studio Solution File, Format Version 12.00
# Visual Studio Version 16
VisualStudioVersion = 16.0.31019.35
MinimumVisualStudioVersion = 10.0.40219.1
Project("{FAE04EC0-301F-11D3-BF4B-00C04F79EFBC}") = "DimLab", "DimLab\DimLab.csproj", "{E6C64D91-3F9E-43CF-A45C-D4EBC9A536CC}"
EndProject
Global
	GlobalSection(SolutionConfigurationPlatforms) = preSolution
		Debug|Any CPU = Debug|Any CPU
		Release|Any CPU = Release|Any CPU
	EndGlobalSection
	GlobalSection(ProjectConfigurationPlatforms) = postSolution
		{E6C64D91-3F9E-43CF-A45C-D4EBC9A536CC}.Debug|Any CPU.ActiveCfg = Debug|Any CPU
		{E6C64D91-3F9E-43CF-A45C-D4EBC9A536CC}.Debug|Any CPU.Build.0 = Debug|Any CPU
		{E6C64D91-3F9E-43CF-A45C-D4EBC9A536CC}.Release|Any CPU.ActiveCfg = Release|Any CPU
		{E6C64D91-3F9E-43CF-A45C-D4EBC9A536CC}.Release|Any CPU.Build.0 = Release|Any CPU
	EndGlobalSection
	GlobalSection(SolutionProperties) = preSolution
		HideSolutionNode = FALSE
	EndGlobalSection
	GlobalSection(ExtensibilityGlobals) = postSolution
		SolutionGuid = {59EA8603-D59F-45E0-8ED9-E3C75C766582}
	EndGlobalSection
EndGlobal
